// !$*UTF8*$!
{
	archiveVersion = 1;
	classes = {
	};
	objectVersion = 50;
	objects = {

/* Begin PBXBuildFile section */
		3969E60C25ECC6A70034F10B /* ContentView.swift in Sources */ = {isa = PBXBuildFile; fileRef = 3969E60B25ECC6A70034F10B /* ContentView.swift */; };
		3969E60E25ECC6A70034F10B /* Assets.xcassets in Resources */ = {isa = PBXBuildFile; fileRef = 3969E60D25ECC6A70034F10B /* Assets.xcassets */; };
		3969E61125ECC6A70034F10B /* Preview Assets.xcassets in Resources */ = {isa = PBXBuildFile; fileRef = 3969E61025ECC6A70034F10B /* Preview Assets.xcassets */; };
		3969E61C25ECC6A80034F10B /* Multi_calculatorTests.swift in Sources */ = {isa = PBXBuildFile; fileRef = 3969E61B25ECC6A80034F10B /* Multi_calculatorTests.swift */; };
		3969E62725ECC6A80034F10B /* Multi_calculatorUITests.swift in Sources */ = {isa = PBXBuildFile; fileRef = 3969E62625ECC6A80034F10B /* Multi_calculatorUITests.swift */; };
		3969E63825ECC72C0034F10B /* NormalCalc.swift in Sources */ = {isa = PBXBuildFile; fileRef = 3969E63725ECC72C0034F10B /* NormalCalc.swift */; };
		3969E64025ECC7B20034F10B /* multiCalculatorApp.swift in Sources */ = {isa = PBXBuildFile; fileRef = 3969E63F25ECC7B20034F10B /* multiCalculatorApp.swift */; };
		3969E64B25ECCA840034F10B /* SwitchCalc.swift in Sources */ = {isa = PBXBuildFile; fileRef = 3969E64A25ECCA840034F10B /* SwitchCalc.swift */; };
		3969E65725ECCFB50034F10B /* ObservedSwitch.swift in Sources */ = {isa = PBXBuildFile; fileRef = 3969E65625ECCFB50034F10B /* ObservedSwitch.swift */; };
		3996295225ED03DD002251FF /* TaxCalc.swift in Sources */ = {isa = PBXBuildFile; fileRef = 3996295125ED03DD002251FF /* TaxCalc.swift */; };
/* End PBXBuildFile section */

/* Begin PBXContainerItemProxy section */
		3969E61825ECC6A80034F10B /* PBXContainerItemProxy */ = {
			isa = PBXContainerItemProxy;
			containerPortal = 3969E5FE25ECC6A70034F10B /* Project object */;
			proxyType = 1;
			remoteGlobalIDString = 3969E60525ECC6A70034F10B;
			remoteInfo = "Multi-calculator";
		};
		3969E62325ECC6A80034F10B /* PBXContainerItemProxy */ = {
			isa = PBXContainerItemProxy;
			containerPortal = 3969E5FE25ECC6A70034F10B /* Project object */;
			proxyType = 1;
			remoteGlobalIDString = 3969E60525ECC6A70034F10B;
			remoteInfo = "Multi-calculator";
		};
/* End PBXContainerItemProxy section */

/* Begin PBXFileReference section */
		3969E60625ECC6A70034F10B /* Multi-calculator.app */ = {isa = PBXFileReference; explicitFileType = wrapper.application; includeInIndex = 0; path = "Multi-calculator.app"; sourceTree = BUILT_PRODUCTS_DIR; };
		3969E60B25ECC6A70034F10B /* ContentView.swift */ = {isa = PBXFileReference; lastKnownFileType = sourcecode.swift; path = ContentView.swift; sourceTree = "<group>"; };
		3969E60D25ECC6A70034F10B /* Assets.xcassets */ = {isa = PBXFileReference; lastKnownFileType = folder.assetcatalog; path = Assets.xcassets; sourceTree = "<group>"; };
		3969E61025ECC6A70034F10B /* Preview Assets.xcassets */ = {isa = PBXFileReference; lastKnownFileType = folder.assetcatalog; path = "Preview Assets.xcassets"; sourceTree = "<group>"; };
		3969E61225ECC6A70034F10B /* Info.plist */ = {isa = PBXFileReference; lastKnownFileType = text.plist.xml; path = Info.plist; sourceTree = "<group>"; };
		3969E61725ECC6A80034F10B /* Multi-calculatorTests.xctest */ = {isa = PBXFileReference; explicitFileType = wrapper.cfbundle; includeInIndex = 0; path = "Multi-calculatorTests.xctest"; sourceTree = BUILT_PRODUCTS_DIR; };
		3969E61B25ECC6A80034F10B /* Multi_calculatorTests.swift */ = {isa = PBXFileReference; lastKnownFileType = sourcecode.swift; path = Multi_calculatorTests.swift; sourceTree = "<group>"; };
		3969E61D25ECC6A80034F10B /* Info.plist */ = {isa = PBXFileReference; lastKnownFileType = text.plist.xml; path = Info.plist; sourceTree = "<group>"; };
		3969E62225ECC6A80034F10B /* Multi-calculatorUITests.xctest */ = {isa = PBXFileReference; explicitFileType = wrapper.cfbundle; includeInIndex = 0; path = "Multi-calculatorUITests.xctest"; sourceTree = BUILT_PRODUCTS_DIR; };
		3969E62625ECC6A80034F10B /* Multi_calculatorUITests.swift */ = {isa = PBXFileReference; lastKnownFileType = sourcecode.swift; path = Multi_calculatorUITests.swift; sourceTree = "<group>"; };
		3969E62825ECC6A80034F10B /* Info.plist */ = {isa = PBXFileReference; lastKnownFileType = text.plist.xml; path = Info.plist; sourceTree = "<group>"; };
		3969E63725ECC72C0034F10B /* NormalCalc.swift */ = {isa = PBXFileReference; lastKnownFileType = sourcecode.swift; path = NormalCalc.swift; sourceTree = "<group>"; };
		3969E63F25ECC7B20034F10B /* multiCalculatorApp.swift */ = {isa = PBXFileReference; lastKnownFileType = sourcecode.swift; path = multiCalculatorApp.swift; sourceTree = "<group>"; };
		3969E64A25ECCA840034F10B /* SwitchCalc.swift */ = {isa = PBXFileReference; lastKnownFileType = sourcecode.swift; path = SwitchCalc.swift; sourceTree = "<group>"; };
		3969E65625ECCFB50034F10B /* ObservedSwitch.swift */ = {isa = PBXFileReference; lastKnownFileType = sourcecode.swift; path = ObservedSwitch.swift; sourceTree = "<group>"; };
		3996295125ED03DD002251FF /* TaxCalc.swift */ = {isa = PBXFileReference; lastKnownFileType = sourcecode.swift; path = TaxCalc.swift; sourceTree = "<group>"; };
/* End PBXFileReference section */

/* Begin PBXFrameworksBuildPhase section */
		3969E60325ECC6A70034F10B /* Frameworks */ = {
			isa = PBXFrameworksBuildPhase;
			buildActionMask = 2147483647;
			files = (
			);
			runOnlyForDeploymentPostprocessing = 0;
		};
		3969E61425ECC6A80034F10B /* Frameworks */ = {
			isa = PBXFrameworksBuildPhase;
			buildActionMask = 2147483647;
			files = (
			);
			runOnlyForDeploymentPostprocessing = 0;
		};
		3969E61F25ECC6A80034F10B /* Frameworks */ = {
			isa = PBXFrameworksBuildPhase;
			buildActionMask = 2147483647;
			files = (
			);
			runOnlyForDeploymentPostprocessing = 0;
		};
/* End PBXFrameworksBuildPhase section */

/* Begin PBXGroup section */
		3969E5FD25ECC6A70034F10B = {
			isa = PBXGroup;
			children = (
				3969E60825ECC6A70034F10B /* Multi-calculator */,
				3969E61A25ECC6A80034F10B /* Multi-calculatorTests */,
				3969E62525ECC6A80034F10B /* Multi-calculatorUITests */,
				3969E60725ECC6A70034F10B /* Products */,
			);
			sourceTree = "<group>";
		};
		3969E60725ECC6A70034F10B /* Products */ = {
			isa = PBXGroup;
			children = (
				3969E60625ECC6A70034F10B /* Multi-calculator.app */,
				3969E61725ECC6A80034F10B /* Multi-calculatorTests.xctest */,
				3969E62225ECC6A80034F10B /* Multi-calculatorUITests.xctest */,
			);
			name = Products;
			sourceTree = "<group>";
		};
		3969E60825ECC6A70034F10B /* Multi-calculator */ = {
			isa = PBXGroup;
			children = (
				3969E64F25ECCA930034F10B /* View */,
				3969E60B25ECC6A70034F10B /* ContentView.swift */,
				3969E63F25ECC7B20034F10B /* multiCalculatorApp.swift */,
				3969E60D25ECC6A70034F10B /* Assets.xcassets */,
				3969E61225ECC6A70034F10B /* Info.plist */,
				3969E60F25ECC6A70034F10B /* Preview Content */,
				3969E65625ECCFB50034F10B /* ObservedSwitch.swift */,
			);
			path = "Multi-calculator";
			sourceTree = "<group>";
		};
		3969E60F25ECC6A70034F10B /* Preview Content */ = {
			isa = PBXGroup;
			children = (
				3969E61025ECC6A70034F10B /* Preview Assets.xcassets */,
			);
			path = "Preview Content";
			sourceTree = "<group>";
		};
		3969E61A25ECC6A80034F10B /* Multi-calculatorTests */ = {
			isa = PBXGroup;
			children = (
				3969E61B25ECC6A80034F10B /* Multi_calculatorTests.swift */,
				3969E61D25ECC6A80034F10B /* Info.plist */,
			);
			path = "Multi-calculatorTests";
			sourceTree = "<group>";
		};
		3969E62525ECC6A80034F10B /* Multi-calculatorUITests */ = {
			isa = PBXGroup;
			children = (
				3969E62625ECC6A80034F10B /* Multi_calculatorUITests.swift */,
				3969E62825ECC6A80034F10B /* Info.plist */,
			);
			path = "Multi-calculatorUITests";
			sourceTree = "<group>";
		};
		3969E64F25ECCA930034F10B /* View */ = {
			isa = PBXGroup;
			children = (
				3969E63725ECC72C0034F10B /* NormalCalc.swift */,
				3996295125ED03DD002251FF /* TaxCalc.swift */,
				3969E64A25ECCA840034F10B /* SwitchCalc.swift */,
			);
			path = View;
			sourceTree = "<group>";
		};
/* End PBXGroup section */

/* Begin PBXNativeTarget section */
		3969E60525ECC6A70034F10B /* Multi-calculator */ = {
			isa = PBXNativeTarget;
			buildConfigurationList = 3969E62B25ECC6A80034F10B /* Build configuration list for PBXNativeTarget "Multi-calculator" */;
			buildPhases = (
				3969E60225ECC6A70034F10B /* Sources */,
				3969E60325ECC6A70034F10B /* Frameworks */,
				3969E60425ECC6A70034F10B /* Resources */,
			);
			buildRules = (
			);
			dependencies = (
			);
			name = "Multi-calculator";
			productName = "Multi-calculator";
			productReference = 3969E60625ECC6A70034F10B /* Multi-calculator.app */;
			productType = "com.apple.product-type.application";
		};
		3969E61625ECC6A80034F10B /* Multi-calculatorTests */ = {
			isa = PBXNativeTarget;
			buildConfigurationList = 3969E62E25ECC6A80034F10B /* Build configuration list for PBXNativeTarget "Multi-calculatorTests" */;
			buildPhases = (
				3969E61325ECC6A80034F10B /* Sources */,
				3969E61425ECC6A80034F10B /* Frameworks */,
				3969E61525ECC6A80034F10B /* Resources */,
			);
			buildRules = (
			);
			dependencies = (
				3969E61925ECC6A80034F10B /* PBXTargetDependency */,
			);
			name = "Multi-calculatorTests";
			productName = "Multi-calculatorTests";
			productReference = 3969E61725ECC6A80034F10B /* Multi-calculatorTests.xctest */;
			productType = "com.apple.product-type.bundle.unit-test";
		};
		3969E62125ECC6A80034F10B /* Multi-calculatorUITests */ = {
			isa = PBXNativeTarget;
			buildConfigurationList = 3969E63125ECC6A80034F10B /* Build configuration list for PBXNativeTarget "Multi-calculatorUITests" */;
			buildPhases = (
				3969E61E25ECC6A80034F10B /* Sources */,
				3969E61F25ECC6A80034F10B /* Frameworks */,
				3969E62025ECC6A80034F10B /* Resources */,
			);
			buildRules = (
			);
			dependencies = (
				3969E62425ECC6A80034F10B /* PBXTargetDependency */,
			);
			name = "Multi-calculatorUITests";
			productName = "Multi-calculatorUITests";
			productReference = 3969E62225ECC6A80034F10B /* Multi-calculatorUITests.xctest */;
			productType = "com.apple.product-type.bundle.ui-testing";
		};
/* End PBXNativeTarget section */

/* Begin PBXProject section */
		3969E5FE25ECC6A70034F10B /* Project object */ = {
			isa = PBXProject;
			attributes = {
				LastSwiftUpdateCheck = 1240;
				LastUpgradeCheck = 1240;
				TargetAttributes = {
					3969E60525ECC6A70034F10B = {
						CreatedOnToolsVersion = 12.4;
					};
					3969E61625ECC6A80034F10B = {
						CreatedOnToolsVersion = 12.4;
						TestTargetID = 3969E60525ECC6A70034F10B;
					};
					3969E62125ECC6A80034F10B = {
						CreatedOnToolsVersion = 12.4;
						TestTargetID = 3969E60525ECC6A70034F10B;
					};
				};
			};
			buildConfigurationList = 3969E60125ECC6A70034F10B /* Build configuration list for PBXProject "Multi-calculator" */;
			compatibilityVersion = "Xcode 9.3";
			developmentRegion = en;
			hasScannedForEncodings = 0;
			knownRegions = (
				en,
				Base,
			);
			mainGroup = 3969E5FD25ECC6A70034F10B;
			productRefGroup = 3969E60725ECC6A70034F10B /* Products */;
			projectDirPath = "";
			projectRoot = "";
			targets = (
				3969E60525ECC6A70034F10B /* Multi-calculator */,
				3969E61625ECC6A80034F10B /* Multi-calculatorTests */,
				3969E62125ECC6A80034F10B /* Multi-calculatorUITests */,
			);
		};
/* End PBXProject section */

/* Begin PBXResourcesBuildPhase section */
		3969E60425ECC6A70034F10B /* Resources */ = {
			isa = PBXResourcesBuildPhase;
			buildActionMask = 2147483647;
			files = (
				3969E61125ECC6A70034F10B /* Preview Assets.xcassets in Resources */,
				3969E60E25ECC6A70034F10B /* Assets.xcassets in Resources */,
			);
			runOnlyForDeploymentPostprocessing = 0;
		};
		3969E61525ECC6A80034F10B /* Resources */ = {
			isa = PBXResourcesBuildPhase;
			buildActionMask = 2147483647;
			files = (
			);
			runOnlyForDeploymentPostprocessing = 0;
		};
		3969E62025ECC6A80034F10B /* Resources */ = {
			isa = PBXResourcesBuildPhase;
			buildActionMask = 2147483647;
			files = (
			);
			runOnlyForDeploymentPostprocessing = 0;
		};
/* End PBXResourcesBuildPhase section */

/* Begin PBXSourcesBuildPhase section */
		3969E60225ECC6A70034F10B /* Sources */ = {
			isa = PBXSourcesBuildPhase;
			buildActionMask = 2147483647;
			files = (
				3969E65725ECCFB50034F10B /* ObservedSwitch.swift in Sources */,
				3969E64025ECC7B20034F10B /* multiCalculatorApp.swift in Sources */,
				3996295225ED03DD002251FF /* TaxCalc.swift in Sources */,
				3969E64B25ECCA840034F10B /* SwitchCalc.swift in Sources */,
				3969E60C25ECC6A70034F10B /* ContentView.swift in Sources */,
				3969E63825ECC72C0034F10B /* NormalCalc.swift in Sources */,
			);
			runOnlyForDeploymentPostprocessing = 0;
		};
		3969E61325ECC6A80034F10B /* Sources */ = {
			isa = PBXSourcesBuildPhase;
			buildActionMask = 2147483647;
			files = (
				3969E61C25ECC6A80034F10B /* Multi_calculatorTests.swift in Sources */,
			);
			runOnlyForDeploymentPostprocessing = 0;
		};
		3969E61E25ECC6A80034F10B /* Sources */ = {
			isa = PBXSourcesBuildPhase;
			buildActionMask = 2147483647;
			files = (
				3969E62725ECC6A80034F10B /* Multi_calculatorUITests.swift in Sources */,
			);
			runOnlyForDeploymentPostprocessing = 0;
		};
/* End PBXSourcesBuildPhase section */

/* Begin PBXTargetDependency section */
		3969E61925ECC6A80034F10B /* PBXTargetDependency */ = {
			isa = PBXTargetDependency;
			target = 3969E60525ECC6A70034F10B /* Multi-calculator */;
			targetProxy = 3969E61825ECC6A80034F10B /* PBXContainerItemProxy */;
		};
		3969E62425ECC6A80034F10B /* PBXTargetDependency */ = {
			isa = PBXTargetDependency;
			target = 3969E60525ECC6A70034F10B /* Multi-calculator */;
			targetProxy = 3969E62325ECC6A80034F10B /* PBXContainerItemProxy */;
		};
/* End PBXTargetDependency section */

/* Begin XCBuildConfiguration section */
		3969E62925ECC6A80034F10B /* Debug */ = {
			isa = XCBuildConfiguration;
			buildSettings = {
				ALWAYS_SEARCH_USER_PATHS = NO;
				CLANG_ANALYZER_NONNULL = YES;
				CLANG_ANALYZER_NUMBER_OBJECT_CONVERSION = YES_AGGRESSIVE;
				CLANG_CXX_LANGUAGE_STANDARD = "gnu++14";
				CLANG_CXX_LIBRARY = "libc++";
				CLANG_ENABLE_MODULES = YES;
				CLANG_ENABLE_OBJC_ARC = YES;
				CLANG_ENABLE_OBJC_WEAK = YES;
				CLANG_WARN_BLOCK_CAPTURE_AUTORELEASING = YES;
				CLANG_WARN_BOOL_CONVERSION = YES;
				CLANG_WARN_COMMA = YES;
				CLANG_WARN_CONSTANT_CONVERSION = YES;
				CLANG_WARN_DEPRECATED_OBJC_IMPLEMENTATIONS = YES;
				CLANG_WARN_DIRECT_OBJC_ISA_USAGE = YES_ERROR;
				CLANG_WARN_DOCUMENTATION_COMMENTS = YES;
				CLANG_WARN_EMPTY_BODY = YES;
				CLANG_WARN_ENUM_CONVERSION = YES;
				CLANG_WARN_INFINITE_RECURSION = YES;
				CLANG_WARN_INT_CONVERSION = YES;
				CLANG_WARN_NON_LITERAL_NULL_CONVERSION = YES;
				CLANG_WARN_OBJC_IMPLICIT_RETAIN_SELF = YES;
				CLANG_WARN_OBJC_LITERAL_CONVERSION = YES;
				CLANG_WARN_OBJC_ROOT_CLASS = YES_ERROR;
				CLANG_WARN_QUOTED_INCLUDE_IN_FRAMEWORK_HEADER = YES;
				CLANG_WARN_RANGE_LOOP_ANALYSIS = YES;
				CLANG_WARN_STRICT_PROTOTYPES = YES;
				CLANG_WARN_SUSPICIOUS_MOVE = YES;
				CLANG_WARN_UNGUARDED_AVAILABILITY = YES_AGGRESSIVE;
				CLANG_WARN_UNREACHABLE_CODE = YES;
				CLANG_WARN__DUPLICATE_METHOD_MATCH = YES;
				COPY_PHASE_STRIP = NO;
				DEBUG_INFORMATION_FORMAT = dwarf;
				ENABLE_STRICT_OBJC_MSGSEND = YES;
				ENABLE_TESTABILITY = YES;
				GCC_C_LANGUAGE_STANDARD = gnu11;
				GCC_DYNAMIC_NO_PIC = NO;
				GCC_NO_COMMON_BLOCKS = YES;
				GCC_OPTIMIZATION_LEVEL = 0;
				GCC_PREPROCESSOR_DEFINITIONS = (
					"DEBUG=1",
					"$(inherited)",
				);
				GCC_WARN_64_TO_32_BIT_CONVERSION = YES;
				GCC_WARN_ABOUT_RETURN_TYPE = YES_ERROR;
				GCC_WARN_UNDECLARED_SELECTOR = YES;
				GCC_WARN_UNINITIALIZED_AUTOS = YES_AGGRESSIVE;
				GCC_WARN_UNUSED_FUNCTION = YES;
				GCC_WARN_UNUSED_VARIABLE = YES;
				IPHONEOS_DEPLOYMENT_TARGET = 14.4;
				MTL_ENABLE_DEBUG_INFO = INCLUDE_SOURCE;
				MTL_FAST_MATH = YES;
				ONLY_ACTIVE_ARCH = YES;
				SDKROOT = iphoneos;
				SWIFT_ACTIVE_COMPILATION_CONDITIONS = DEBUG;
				SWIFT_OPTIMIZATION_LEVEL = "-Onone";
			};
			name = Debug;
		};
		3969E62A25ECC6A80034F10B /* Release */ = {
			isa = XCBuildConfiguration;
			buildSettings = {
				ALWAYS_SEARCH_USER_PATHS = NO;
				CLANG_ANALYZER_NONNULL = YES;
				CLANG_ANALYZER_NUMBER_OBJECT_CONVERSION = YES_AGGRESSIVE;
				CLANG_CXX_LANGUAGE_STANDARD = "gnu++14";
				CLANG_CXX_LIBRARY = "libc++";
				CLANG_ENABLE_MODULES = YES;
				CLANG_ENABLE_OBJC_ARC = YES;
				CLANG_ENABLE_OBJC_WEAK = YES;
				CLANG_WARN_BLOCK_CAPTURE_AUTORELEASING = YES;
				CLANG_WARN_BOOL_CONVERSION = YES;
				CLANG_WARN_COMMA = YES;
				CLANG_WARN_CONSTANT_CONVERSION = YES;
				CLANG_WARN_DEPRECATED_OBJC_IMPLEMENTATIONS = YES;
				CLANG_WARN_DIRECT_OBJC_ISA_USAGE = YES_ERROR;
				CLANG_WARN_DOCUMENTATION_COMMENTS = YES;
				CLANG_WARN_EMPTY_BODY = YES;
				CLANG_WARN_ENUM_CONVERSION = YES;
				CLANG_WARN_INFINITE_RECURSION = YES;
				CLANG_WARN_INT_CONVERSION = YES;
				CLANG_WARN_NON_LITERAL_NULL_CONVERSION = YES;
				CLANG_WARN_OBJC_IMPLICIT_RETAIN_SELF = YES;
				CLANG_WARN_OBJC_LITERAL_CONVERSION = YES;
				CLANG_WARN_OBJC_ROOT_CLASS = YES_ERROR;
				CLANG_WARN_QUOTED_INCLUDE_IN_FRAMEWORK_HEADER = YES;
				CLANG_WARN_RANGE_LOOP_ANALYSIS = YES;
				CLANG_WARN_STRICT_PROTOTYPES = YES;
				CLANG_WARN_SUSPICIOUS_MOVE = YES;
				CLANG_WARN_UNGUARDED_AVAILABILITY = YES_AGGRESSIVE;
				CLANG_WARN_UNREACHABLE_CODE = YES;
				CLANG_WARN__DUPLICATE_METHOD_MATCH = YES;
				COPY_PHASE_STRIP = NO;
				DEBUG_INFORMATION_FORMAT = "dwarf-with-dsym";
				ENABLE_NS_ASSERTIONS = NO;
				ENABLE_STRICT_OBJC_MSGSEND = YES;
				GCC_C_LANGUAGE_STANDARD = gnu11;
				GCC_NO_COMMON_BLOCKS = YES;
				GCC_WARN_64_TO_32_BIT_CONVERSION = YES;
				GCC_WARN_ABOUT_RETURN_TYPE = YES_ERROR;
				GCC_WARN_UNDECLARED_SELECTOR = YES;
				GCC_WARN_UNINITIALIZED_AUTOS = YES_AGGRESSIVE;
				GCC_WARN_UNUSED_FUNCTION = YES;
				GCC_WARN_UNUSED_VARIABLE = YES;
				IPHONEOS_DEPLOYMENT_TARGET = 14.4;
				MTL_ENABLE_DEBUG_INFO = NO;
				MTL_FAST_MATH = YES;
				SDKROOT = iphoneos;
				SWIFT_COMPILATION_MODE = wholemodule;
				SWIFT_OPTIMIZATION_LEVEL = "-O";
				VALIDATE_PRODUCT = YES;
			};
			name = Release;
		};
		3969E62C25ECC6A80034F10B /* Debug */ = {
			isa = XCBuildConfiguration;
			buildSettings = {
				ASSETCATALOG_COMPILER_APPICON_NAME = AppIcon;
				ASSETCATALOG_COMPILER_GLOBAL_ACCENT_COLOR_NAME = AccentColor;
				CODE_SIGN_STYLE = Automatic;
				DEVELOPMENT_ASSET_PATHS = "\"Multi-calculator/Preview Content\"";
				DEVELOPMENT_TEAM = 7XT695PN4V;
				ENABLE_PREVIEWS = YES;
				INFOPLIST_FILE = "Multi-calculator/Info.plist";
				IPHONEOS_DEPLOYMENT_TARGET = 14.0;
				LD_RUNPATH_SEARCH_PATHS = (
					"$(inherited)",
					"@executable_path/Frameworks",
				);
				PRODUCT_BUNDLE_IDENTIFIER = "syk01.Multi-calculator";
				PRODUCT_NAME = "$(TARGET_NAME)";
				SWIFT_VERSION = 5.0;
				TARGETED_DEVICE_FAMILY = "1,2";
			};
			name = Debug;
		};
		3969E62D25ECC6A80034F10B /* Release */ = {
			isa = XCBuildConfiguration;
			buildSettings = {
				ASSETCATALOG_COMPILER_APPICON_NAME = AppIcon;
				ASSETCATALOG_COMPILER_GLOBAL_ACCENT_COLOR_NAME = AccentColor;
				CODE_SIGN_STYLE = Automatic;
				DEVELOPMENT_ASSET_PATHS = "\"Multi-calculator/Preview Content\"";
				DEVELOPMENT_TEAM = 7XT695PN4V;
				ENABLE_PREVIEWS = YES;
				INFOPLIST_FILE = "Multi-calculator/Info.plist";
				IPHONEOS_DEPLOYMENT_TARGET = 14.0;
				LD_RUNPATH_SEARCH_PATHS = (
					"$(inherited)",
					"@executable_path/Frameworks",
				);
				PRODUCT_BUNDLE_IDENTIFIER = "syk01.Multi-calculator";
				PRODUCT_NAME = "$(TARGET_NAME)";
				SWIFT_VERSION = 5.0;
				TARGETED_DEVICE_FAMILY = "1,2";
			};
			name = Release;
		};
		3969E62F25ECC6A80034F10B /* Debug */ = {
			isa = XCBuildConfiguration;
			buildSettings = {
				ALWAYS_EMBED_SWIFT_STANDARD_LIBRARIES = YES;
				BUNDLE_LOADER = "$(TEST_HOST)";
				CODE_SIGN_STYLE = Automatic;
				DEVELOPMENT_TEAM = 7XT695PN4V;
				INFOPLIST_FILE = "Multi-calculatorTests/Info.plist";
				IPHONEOS_DEPLOYMENT_TARGET = 14.0;
				LD_RUNPATH_SEARCH_PATHS = (
					"$(inherited)",
					"@executable_path/Frameworks",
					"@loader_path/Frameworks",
				);
				PRODUCT_BUNDLE_IDENTIFIER = "syk01.Multi-calculatorTests";
				PRODUCT_NAME = "$(TARGET_NAME)";
				SWIFT_VERSION = 5.0;
				TARGETED_DEVICE_FAMILY = "1,2";
				TEST_HOST = "$(BUILT_PRODUCTS_DIR)/Multi-calculator.app/Multi-calculator";
			};
			name = Debug;
		};
		3969E63025ECC6A80034F10B /* Release */ = {
			isa = XCBuildConfiguration;
			buildSettings = {
				ALWAYS_EMBED_SWIFT_STANDARD_LIBRARIES = YES;
				BUNDLE_LOADER = "$(TEST_HOST)";
				CODE_SIGN_STYLE = Automatic;
				DEVELOPMENT_TEAM = 7XT695PN4V;
				INFOPLIST_FILE = "Multi-calculatorTests/Info.plist";
				IPHONEOS_DEPLOYMENT_TARGET = 14.0;
				LD_RUNPATH_SEARCH_PATHS = (
					"$(inherited)",
					"@executable_path/Frameworks",
					"@loader_path/Frameworks",
				);
				PRODUCT_BUNDLE_IDENTIFIER = "syk01.Multi-calculatorTests";
				PRODUCT_NAME = "$(TARGET_NAME)";
				SWIFT_VERSION = 5.0;
				TARGETED_DEVICE_FAMILY = "1,2";
				TEST_HOST = "$(BUILT_PRODUCTS_DIR)/Multi-calculator.app/Multi-calculator";
			};
			name = Release;
		};
		3969E63225ECC6A80034F10B /* Debug */ = {
			isa = XCBuildConfiguration;
			buildSettings = {
				ALWAYS_EMBED_SWIFT_STANDARD_LIBRARIES = YES;
				CODE_SIGN_STYLE = Automatic;
				DEVELOPMENT_TEAM = 7XT695PN4V;
				INFOPLIST_FILE = "Multi-calculatorUITests/Info.plist";
				LD_RUNPATH_SEARCH_PATHS = (
					"$(inherited)",
					"@executable_path/Frameworks",
					"@loader_path/Frameworks",
				);
				PRODUCT_BUNDLE_IDENTIFIER = "syk01.Multi-calculatorUITests";
				PRODUCT_NAME = "$(TARGET_NAME)";
				SWIFT_VERSION = 5.0;
				TARGETED_DEVICE_FAMILY = "1,2";
				TEST_TARGET_NAME = "Multi-calculator";
			};
			name = Debug;
		};
		3969E63325ECC6A80034F10B /* Release */ = {
			isa = XCBuildConfiguration;
			buildSettings = {
				ALWAYS_EMBED_SWIFT_STANDARD_LIBRARIES = YES;
				CODE_SIGN_STYLE = Automatic;
				DEVELOPMENT_TEAM = 7XT695PN4V;
				INFOPLIST_FILE = "Multi-calculatorUITests/Info.plist";
				LD_RUNPATH_SEARCH_PATHS = (
					"$(inherited)",
					"@executable_path/Frameworks",
					"@loader_path/Frameworks",
				);
				PRODUCT_BUNDLE_IDENTIFIER = "syk01.Multi-calculatorUITests";
				PRODUCT_NAME = "$(TARGET_NAME)";
				SWIFT_VERSION = 5.0;
				TARGETED_DEVICE_FAMILY = "1,2";
				TEST_TARGET_NAME = "Multi-calculator";
			};
			name = Release;
		};
/* End XCBuildConfiguration section */

/* Begin XCConfigurationList section */
		3969E60125ECC6A70034F10B /* Build configuration list for PBXProject "Multi-calculator" */ = {
			isa = XCConfigurationList;
			buildConfigurations = (
				3969E62925ECC6A80034F10B /* Debug */,
				3969E62A25ECC6A80034F10B /* Release */,
			);
			defaultConfigurationIsVisible = 0;
			defaultConfigurationName = Release;
		};
		3969E62B25ECC6A80034F10B /* Build configuration list for PBXNativeTarget "Multi-calculator" */ = {
			isa = XCConfigurationList;
			buildConfigurations = (
				3969E62C25ECC6A80034F10B /* Debug */,
				3969E62D25ECC6A80034F10B /* Release */,
			);
			defaultConfigurationIsVisible = 0;
			defaultConfigurationName = Release;
		};
		3969E62E25ECC6A80034F10B /* Build configuration list for PBXNativeTarget "Multi-calculatorTests" */ = {
			isa = XCConfigurationList;
			buildConfigurations = (
				3969E62F25ECC6A80034F10B /* Debug */,
				3969E63025ECC6A80034F10B /* Release */,
			);
			defaultConfigurationIsVisible = 0;
			defaultConfigurationName = Release;
		};
		3969E63125ECC6A80034F10B /* Build configuration list for PBXNativeTarget "Multi-calculatorUITests" */ = {
			isa = XCConfigurationList;
			buildConfigurations = (
				3969E63225ECC6A80034F10B /* Debug */,
				3969E63325ECC6A80034F10B /* Release */,
			);
			defaultConfigurationIsVisible = 0;
			defaultConfigurationName = Release;
		};
/* End XCConfigurationList section */
	};
	rootObject = 3969E5FE25ECC6A70034F10B /* Project object */;
}
